
Microsoft Visual Studio Solution File, Format Version 12.00
# Visual Studio 14
VisualStudioVersion = 14.0.23107.0
MinimumVisualStudioVersion = 10.0.40219.1
Project("{FAE04EC0-301F-11D3-BF4B-00C04F79EFBC}") = "MessageGeneratorApp", "MessageGeneratorApp\MessageGeneratorApp.csproj", "{597BBD0C-A225-4026-B497-59D68BBC6489}"
EndProject
Global
	GlobalSection(SolutionConfigurationPlatforms) = preSolution
		Debug|Any CPU = Debug|Any CPU
		Debug|x86 = Debug|x86
		Release|Any CPU = Release|Any CPU
		Release|x86 = Release|x86
	EndGlobalSection
	GlobalSection(ProjectConfigurationPlatforms) = postSolution
		{597BBD0C-A225-4026-B497-59D68BBC6489}.Debug|Any CPU.ActiveCfg = Debug|Any CPU
		{597BBD0C-A225-4026-B497-59D68BBC6489}.Debug|x86.ActiveCfg = Debug|x86
		{597BBD0C-A225-4026-B497-59D68BBC6489}.Debug|x86.Build.0 = Debug|x86
		{597BBD0C-A225-4026-B497-59D68BBC6489}.Release|Any CPU.ActiveCfg = Release|Any CPU
		{597BBD0C-A225-4026-B497-59D68BBC6489}.Release|x86.ActiveCfg = Release|x86
		{597BBD0C-A225-4026-B497-59D68BBC6489}.Release|x86.Build.0 = Release|x86
	EndGlobalSection
	GlobalSection(SolutionProperties) = preSolution
		HideSolutionNode = FALSE
	EndGlobalSection
EndGlobal
